// !$*UTF8*$!
{
	archiveVersion = 1;
	classes = {
	};
	objectVersion = 56;
	objects = {

/* Begin PBXBuildFile section */
		B70098DE2CF6DBD500FFA11E /* GoogleService-Info.plist in Resources */ = {isa = PBXBuildFile; fileRef = B70098DD2CF6DBD500FFA11E /* GoogleService-Info.plist */; };
		B70098E12CF6DC7000FFA11E /* FirebaseAnalytics in Frameworks */ = {isa = PBXBuildFile; productRef = B70098E02CF6DC7000FFA11E /* FirebaseAnalytics */; };
		B70098E32CF6DC7000FFA11E /* FirebaseAuth in Frameworks */ = {isa = PBXBuildFile; productRef = B70098E22CF6DC7000FFA11E /* FirebaseAuth */; };
		B70098E52CF6DC7000FFA11E /* FirebaseCore in Frameworks */ = {isa = PBXBuildFile; productRef = B70098E42CF6DC7000FFA11E /* FirebaseCore */; };
		B70098E72CF6DC7000FFA11E /* FirebaseDatabase in Frameworks */ = {isa = PBXBuildFile; productRef = B70098E62CF6DC7000FFA11E /* FirebaseDatabase */; };
		B70098E92CF6DC7000FFA11E /* FirebaseFirestore in Frameworks */ = {isa = PBXBuildFile; productRef = B70098E82CF6DC7000FFA11E /* FirebaseFirestore */; };
		B70098EB2CF6DC7000FFA11E /* FirebaseStorage in Frameworks */ = {isa = PBXBuildFile; productRef = B70098EA2CF6DC7000FFA11E /* FirebaseStorage */; };
		B703BE9A2C16D30700CEA7F4 /* AddTaskView.swift in Sources */ = {isa = PBXBuildFile; fileRef = B703BE992C16D30700CEA7F4 /* AddTaskView.swift */; };
		B703BE9C2C16D35700CEA7F4 /* Task.swift in Sources */ = {isa = PBXBuildFile; fileRef = B703BE9B2C16D35700CEA7F4 /* Task.swift */; };
		B723B8B62C0A8E6F00E02D2A /* LevelUp.swift in Sources */ = {isa = PBXBuildFile; fileRef = B723B8B52C0A8E6F00E02D2A /* LevelUp.swift */; };
		B723B8BA2C0A8E7500E02D2A /* Assets.xcassets in Resources */ = {isa = PBXBuildFile; fileRef = B723B8B92C0A8E7500E02D2A /* Assets.xcassets */; };
		B723B8BE2C0A8E7500E02D2A /* Preview Assets.xcassets in Resources */ = {isa = PBXBuildFile; fileRef = B723B8BD2C0A8E7500E02D2A /* Preview Assets.xcassets */; };
		B723B8C52C0A8ED000E02D2A /* LoginPage.swift in Sources */ = {isa = PBXBuildFile; fileRef = B723B8C42C0A8ED000E02D2A /* LoginPage.swift */; };
		B723B8C72C0A9F4B00E02D2A /* HomePage.swift in Sources */ = {isa = PBXBuildFile; fileRef = B723B8C62C0A9F4B00E02D2A /* HomePage.swift */; };
		B723B8C92C0AA36300E02D2A /* LoginState.swift in Sources */ = {isa = PBXBuildFile; fileRef = B723B8C82C0AA36300E02D2A /* LoginState.swift */; };
		B723B8CD2C0AAB5100E02D2A /* GroupsPage.swift in Sources */ = {isa = PBXBuildFile; fileRef = B723B8CC2C0AAB5100E02D2A /* GroupsPage.swift */; };
		B723B8CF2C0AAB6A00E02D2A /* TasksPage.swift in Sources */ = {isa = PBXBuildFile; fileRef = B723B8CE2C0AAB6A00E02D2A /* TasksPage.swift */; };
		B723B8D12C0AAB8100E02D2A /* ShopPage.swift in Sources */ = {isa = PBXBuildFile; fileRef = B723B8D02C0AAB8100E02D2A /* ShopPage.swift */; };
		B723B8D32C0AAB9100E02D2A /* ProfilePage.swift in Sources */ = {isa = PBXBuildFile; fileRef = B723B8D22C0AAB9100E02D2A /* ProfilePage.swift */; };
		B723B8D52C0AABAD00E02D2A /* EditProfilePage.swift in Sources */ = {isa = PBXBuildFile; fileRef = B723B8D42C0AABAD00E02D2A /* EditProfilePage.swift */; };
		B723B8D72C0AABC500E02D2A /* MainTabView.swift in Sources */ = {isa = PBXBuildFile; fileRef = B723B8D62C0AABC500E02D2A /* MainTabView.swift */; };
		B723B8D92C0AB51900E02D2A /* Event.swift in Sources */ = {isa = PBXBuildFile; fileRef = B723B8D82C0AB51900E02D2A /* Event.swift */; };
		B723B8DB2C0ABC8C00E02D2A /* EventData.swift in Sources */ = {isa = PBXBuildFile; fileRef = B723B8DA2C0ABC8C00E02D2A /* EventData.swift */; };
		B723B8DD2C0ABCA200E02D2A /* EventsPage.swift in Sources */ = {isa = PBXBuildFile; fileRef = B723B8DC2C0ABCA200E02D2A /* EventsPage.swift */; };
		B723B8E52C0AC7F200E02D2A /* FeedItem.swift in Sources */ = {isa = PBXBuildFile; fileRef = B723B8E42C0AC7F200E02D2A /* FeedItem.swift */; };
		B723B8E72C0AC80A00E02D2A /* FeedData.swift in Sources */ = {isa = PBXBuildFile; fileRef = B723B8E62C0AC80A00E02D2A /* FeedData.swift */; };
		B723B8E92C0AD78100E02D2A /* ProfileData.swift in Sources */ = {isa = PBXBuildFile; fileRef = B723B8E82C0AD78100E02D2A /* ProfileData.swift */; };
		B723B8EB2C0AD79100E02D2A /* Skill.swift in Sources */ = {isa = PBXBuildFile; fileRef = B723B8EA2C0AD79100E02D2A /* Skill.swift */; };
		B723B8ED2C0AE12B00E02D2A /* TasksData.swift in Sources */ = {isa = PBXBuildFile; fileRef = B723B8EC2C0AE12B00E02D2A /* TasksData.swift */; };
		B723B8EF2C0AE61900E02D2A /* Item.swift in Sources */ = {isa = PBXBuildFile; fileRef = B723B8EE2C0AE61900E02D2A /* Item.swift */; };
		B723B8F12C0AE63800E02D2A /* ShopData.swift in Sources */ = {isa = PBXBuildFile; fileRef = B723B8F02C0AE63800E02D2A /* ShopData.swift */; };
		B723B8F32C0AE65700E02D2A /* ItemRowView.swift in Sources */ = {isa = PBXBuildFile; fileRef = B723B8F22C0AE65700E02D2A /* ItemRowView.swift */; };
		B723B8F52C0AE67200E02D2A /* ItemDetailView.swift in Sources */ = {isa = PBXBuildFile; fileRef = B723B8F42C0AE67200E02D2A /* ItemDetailView.swift */; };
		B723B8F72C0AE6A500E02D2A /* Cart.swift in Sources */ = {isa = PBXBuildFile; fileRef = B723B8F62C0AE6A500E02D2A /* Cart.swift */; };
		B723B8F92C0AE6BE00E02D2A /* CartView.swift in Sources */ = {isa = PBXBuildFile; fileRef = B723B8F82C0AE6BE00E02D2A /* CartView.swift */; };
		B723B8FB2C0AE6DB00E02D2A /* PaymentView.swift in Sources */ = {isa = PBXBuildFile; fileRef = B723B8FA2C0AE6DB00E02D2A /* PaymentView.swift */; };
		B723B8FD2C0AF3F000E02D2A /* Post.swift in Sources */ = {isa = PBXBuildFile; fileRef = B723B8FC2C0AF3F000E02D2A /* Post.swift */; };
		B723B8FF2C0AF40F00E02D2A /* PostData.swift in Sources */ = {isa = PBXBuildFile; fileRef = B723B8FE2C0AF40F00E02D2A /* PostData.swift */; };
		B723B9012C0AF42E00E02D2A /* PostRowView.swift in Sources */ = {isa = PBXBuildFile; fileRef = B723B9002C0AF42E00E02D2A /* PostRowView.swift */; };
		B723B9032C0AF44600E02D2A /* NewPostView.swift in Sources */ = {isa = PBXBuildFile; fileRef = B723B9022C0AF44600E02D2A /* NewPostView.swift */; };
		B723B9052C0AF59100E02D2A /* FeedItemRowView.swift in Sources */ = {isa = PBXBuildFile; fileRef = B723B9042C0AF59100E02D2A /* FeedItemRowView.swift */; };
		B723B9072C0AF6FC00E02D2A /* MixedFeedItem.swift in Sources */ = {isa = PBXBuildFile; fileRef = B723B9062C0AF6FC00E02D2A /* MixedFeedItem.swift */; };
		B723B9092C0AFC6B00E02D2A /* EventDetailView.swift in Sources */ = {isa = PBXBuildFile; fileRef = B723B9082C0AFC6B00E02D2A /* EventDetailView.swift */; };
		B723B90B2C0B06B100E02D2A /* ProgramGridView.swift in Sources */ = {isa = PBXBuildFile; fileRef = B723B90A2C0B06B100E02D2A /* ProgramGridView.swift */; };
		B723B90D2C0B091000E02D2A /* PrimaryTasksView.swift in Sources */ = {isa = PBXBuildFile; fileRef = B723B90C2C0B091000E02D2A /* PrimaryTasksView.swift */; };
		B723B90F2C0B092700E02D2A /* SecondaryTasksView.swift in Sources */ = {isa = PBXBuildFile; fileRef = B723B90E2C0B092700E02D2A /* SecondaryTasksView.swift */; };
		B723B9112C0B093E00E02D2A /* BrowseCoursesView.swift in Sources */ = {isa = PBXBuildFile; fileRef = B723B9102C0B093E00E02D2A /* BrowseCoursesView.swift */; };
		B723B9132C0B0CA100E02D2A /* ProgramDetailsView.swift in Sources */ = {isa = PBXBuildFile; fileRef = B723B9122C0B0CA100E02D2A /* ProgramDetailsView.swift */; };
		B723B9152C0B0CBF00E02D2A /* TaskRow.swift in Sources */ = {isa = PBXBuildFile; fileRef = B723B9142C0B0CBF00E02D2A /* TaskRow.swift */; };
		B723B9172C0B0CD900E02D2A /* SearchBar.swift in Sources */ = {isa = PBXBuildFile; fileRef = B723B9162C0B0CD900E02D2A /* SearchBar.swift */; };
		B723B9192C0B183B00E02D2A /* CourseDetailView.swift in Sources */ = {isa = PBXBuildFile; fileRef = B723B9182C0B183B00E02D2A /* CourseDetailView.swift */; };
		B734EFE12CF6DE0F00AAB92C /* SignUpPage.swift in Sources */ = {isa = PBXBuildFile; fileRef = B734EFE02CF6DE0C00AAB92C /* SignUpPage.swift */; };
/* End PBXBuildFile section */

/* Begin PBXFileReference section */
		B70098DD2CF6DBD500FFA11E /* GoogleService-Info.plist */ = {isa = PBXFileReference; lastKnownFileType = text.plist.xml; path = "GoogleService-Info.plist"; sourceTree = "<group>"; };
		B703BE992C16D30700CEA7F4 /* AddTaskView.swift */ = {isa = PBXFileReference; lastKnownFileType = sourcecode.swift; path = AddTaskView.swift; sourceTree = "<group>"; };
		B703BE9B2C16D35700CEA7F4 /* Task.swift */ = {isa = PBXFileReference; lastKnownFileType = sourcecode.swift; path = Task.swift; sourceTree = "<group>"; };
		B723B8B22C0A8E6F00E02D2A /* LevelUp.app */ = {isa = PBXFileReference; explicitFileType = wrapper.application; includeInIndex = 0; path = LevelUp.app; sourceTree = BUILT_PRODUCTS_DIR; };
		B723B8B52C0A8E6F00E02D2A /* LevelUp.swift */ = {isa = PBXFileReference; lastKnownFileType = sourcecode.swift; path = LevelUp.swift; sourceTree = "<group>"; };
		B723B8B92C0A8E7500E02D2A /* Assets.xcassets */ = {isa = PBXFileReference; lastKnownFileType = folder.assetcatalog; path = Assets.xcassets; sourceTree = "<group>"; };
		B723B8BB2C0A8E7500E02D2A /* App1.entitlements */ = {isa = PBXFileReference; lastKnownFileType = text.plist.entitlements; path = App1.entitlements; sourceTree = "<group>"; };
		B723B8BD2C0A8E7500E02D2A /* Preview Assets.xcassets */ = {isa = PBXFileReference; lastKnownFileType = folder.assetcatalog; path = "Preview Assets.xcassets"; sourceTree = "<group>"; };
		B723B8C42C0A8ED000E02D2A /* LoginPage.swift */ = {isa = PBXFileReference; lastKnownFileType = sourcecode.swift; path = LoginPage.swift; sourceTree = "<group>"; };
		B723B8C62C0A9F4B00E02D2A /* HomePage.swift */ = {isa = PBXFileReference; lastKnownFileType = sourcecode.swift; path = HomePage.swift; sourceTree = "<group>"; };
		B723B8C82C0AA36300E02D2A /* LoginState.swift */ = {isa = PBXFileReference; lastKnownFileType = sourcecode.swift; path = LoginState.swift; sourceTree = "<group>"; };
		B723B8CC2C0AAB5100E02D2A /* GroupsPage.swift */ = {isa = PBXFileReference; lastKnownFileType = sourcecode.swift; path = GroupsPage.swift; sourceTree = "<group>"; };
		B723B8CE2C0AAB6A00E02D2A /* TasksPage.swift */ = {isa = PBXFileReference; lastKnownFileType = sourcecode.swift; path = TasksPage.swift; sourceTree = "<group>"; };
		B723B8D02C0AAB8100E02D2A /* ShopPage.swift */ = {isa = PBXFileReference; lastKnownFileType = sourcecode.swift; path = ShopPage.swift; sourceTree = "<group>"; };
		B723B8D22C0AAB9100E02D2A /* ProfilePage.swift */ = {isa = PBXFileReference; lastKnownFileType = sourcecode.swift; path = ProfilePage.swift; sourceTree = "<group>"; };
		B723B8D42C0AABAD00E02D2A /* EditProfilePage.swift */ = {isa = PBXFileReference; lastKnownFileType = sourcecode.swift; path = EditProfilePage.swift; sourceTree = "<group>"; };
		B723B8D62C0AABC500E02D2A /* MainTabView.swift */ = {isa = PBXFileReference; lastKnownFileType = sourcecode.swift; path = MainTabView.swift; sourceTree = "<group>"; };
		B723B8D82C0AB51900E02D2A /* Event.swift */ = {isa = PBXFileReference; lastKnownFileType = sourcecode.swift; path = Event.swift; sourceTree = "<group>"; };
		B723B8DA2C0ABC8C00E02D2A /* EventData.swift */ = {isa = PBXFileReference; lastKnownFileType = sourcecode.swift; path = EventData.swift; sourceTree = "<group>"; };
		B723B8DC2C0ABCA200E02D2A /* EventsPage.swift */ = {isa = PBXFileReference; lastKnownFileType = sourcecode.swift; path = EventsPage.swift; sourceTree = "<group>"; };
		B723B8E42C0AC7F200E02D2A /* FeedItem.swift */ = {isa = PBXFileReference; lastKnownFileType = sourcecode.swift; path = FeedItem.swift; sourceTree = "<group>"; };
		B723B8E62C0AC80A00E02D2A /* FeedData.swift */ = {isa = PBXFileReference; lastKnownFileType = sourcecode.swift; path = FeedData.swift; sourceTree = "<group>"; };
		B723B8E82C0AD78100E02D2A /* ProfileData.swift */ = {isa = PBXFileReference; lastKnownFileType = sourcecode.swift; path = ProfileData.swift; sourceTree = "<group>"; };
		B723B8EA2C0AD79100E02D2A /* Skill.swift */ = {isa = PBXFileReference; lastKnownFileType = sourcecode.swift; path = Skill.swift; sourceTree = "<group>"; };
		B723B8EC2C0AE12B00E02D2A /* TasksData.swift */ = {isa = PBXFileReference; lastKnownFileType = sourcecode.swift; path = TasksData.swift; sourceTree = "<group>"; };
		B723B8EE2C0AE61900E02D2A /* Item.swift */ = {isa = PBXFileReference; lastKnownFileType = sourcecode.swift; path = Item.swift; sourceTree = "<group>"; };
		B723B8F02C0AE63800E02D2A /* ShopData.swift */ = {isa = PBXFileReference; lastKnownFileType = sourcecode.swift; path = ShopData.swift; sourceTree = "<group>"; };
		B723B8F22C0AE65700E02D2A /* ItemRowView.swift */ = {isa = PBXFileReference; lastKnownFileType = sourcecode.swift; path = ItemRowView.swift; sourceTree = "<group>"; };
		B723B8F42C0AE67200E02D2A /* ItemDetailView.swift */ = {isa = PBXFileReference; lastKnownFileType = sourcecode.swift; path = ItemDetailView.swift; sourceTree = "<group>"; };
		B723B8F62C0AE6A500E02D2A /* Cart.swift */ = {isa = PBXFileReference; lastKnownFileType = sourcecode.swift; path = Cart.swift; sourceTree = "<group>"; };
		B723B8F82C0AE6BE00E02D2A /* CartView.swift */ = {isa = PBXFileReference; lastKnownFileType = sourcecode.swift; path = CartView.swift; sourceTree = "<group>"; };
		B723B8FA2C0AE6DB00E02D2A /* PaymentView.swift */ = {isa = PBXFileReference; lastKnownFileType = sourcecode.swift; path = PaymentView.swift; sourceTree = "<group>"; };
		B723B8FC2C0AF3F000E02D2A /* Post.swift */ = {isa = PBXFileReference; lastKnownFileType = sourcecode.swift; path = Post.swift; sourceTree = "<group>"; };
		B723B8FE2C0AF40F00E02D2A /* PostData.swift */ = {isa = PBXFileReference; lastKnownFileType = sourcecode.swift; path = PostData.swift; sourceTree = "<group>"; };
		B723B9002C0AF42E00E02D2A /* PostRowView.swift */ = {isa = PBXFileReference; lastKnownFileType = sourcecode.swift; path = PostRowView.swift; sourceTree = "<group>"; };
		B723B9022C0AF44600E02D2A /* NewPostView.swift */ = {isa = PBXFileReference; lastKnownFileType = sourcecode.swift; path = NewPostView.swift; sourceTree = "<group>"; };
		B723B9042C0AF59100E02D2A /* FeedItemRowView.swift */ = {isa = PBXFileReference; lastKnownFileType = sourcecode.swift; path = FeedItemRowView.swift; sourceTree = "<group>"; };
		B723B9062C0AF6FC00E02D2A /* MixedFeedItem.swift */ = {isa = PBXFileReference; lastKnownFileType = sourcecode.swift; path = MixedFeedItem.swift; sourceTree = "<group>"; };
		B723B9082C0AFC6B00E02D2A /* EventDetailView.swift */ = {isa = PBXFileReference; lastKnownFileType = sourcecode.swift; path = EventDetailView.swift; sourceTree = "<group>"; };
		B723B90A2C0B06B100E02D2A /* ProgramGridView.swift */ = {isa = PBXFileReference; lastKnownFileType = sourcecode.swift; path = ProgramGridView.swift; sourceTree = "<group>"; };
		B723B90C2C0B091000E02D2A /* PrimaryTasksView.swift */ = {isa = PBXFileReference; lastKnownFileType = sourcecode.swift; path = PrimaryTasksView.swift; sourceTree = "<group>"; };
		B723B90E2C0B092700E02D2A /* SecondaryTasksView.swift */ = {isa = PBXFileReference; lastKnownFileType = sourcecode.swift; path = SecondaryTasksView.swift; sourceTree = "<group>"; };
		B723B9102C0B093E00E02D2A /* BrowseCoursesView.swift */ = {isa = PBXFileReference; lastKnownFileType = sourcecode.swift; path = BrowseCoursesView.swift; sourceTree = "<group>"; };
		B723B9122C0B0CA100E02D2A /* ProgramDetailsView.swift */ = {isa = PBXFileReference; lastKnownFileType = sourcecode.swift; path = ProgramDetailsView.swift; sourceTree = "<group>"; };
		B723B9142C0B0CBF00E02D2A /* TaskRow.swift */ = {isa = PBXFileReference; lastKnownFileType = sourcecode.swift; path = TaskRow.swift; sourceTree = "<group>"; };
		B723B9162C0B0CD900E02D2A /* SearchBar.swift */ = {isa = PBXFileReference; lastKnownFileType = sourcecode.swift; path = SearchBar.swift; sourceTree = "<group>"; };
		B723B9182C0B183B00E02D2A /* CourseDetailView.swift */ = {isa = PBXFileReference; lastKnownFileType = sourcecode.swift; path = CourseDetailView.swift; sourceTree = "<group>"; };
		B734EFE02CF6DE0C00AAB92C /* SignUpPage.swift */ = {isa = PBXFileReference; lastKnownFileType = sourcecode.swift; path = SignUpPage.swift; sourceTree = "<group>"; };
/* End PBXFileReference section */

/* Begin PBXFrameworksBuildPhase section */
		B723B8AF2C0A8E6F00E02D2A /* Frameworks */ = {
			isa = PBXFrameworksBuildPhase;
			buildActionMask = 2147483647;
			files = (
				B70098E12CF6DC7000FFA11E /* FirebaseAnalytics in Frameworks */,
				B70098E52CF6DC7000FFA11E /* FirebaseCore in Frameworks */,
				B70098E72CF6DC7000FFA11E /* FirebaseDatabase in Frameworks */,
				B70098E92CF6DC7000FFA11E /* FirebaseFirestore in Frameworks */,
				B70098E32CF6DC7000FFA11E /* FirebaseAuth in Frameworks */,
				B70098EB2CF6DC7000FFA11E /* FirebaseStorage in Frameworks */,
			);
			runOnlyForDeploymentPostprocessing = 0;
		};
/* End PBXFrameworksBuildPhase section */

/* Begin PBXGroup section */
		B723B8A92C0A8E6F00E02D2A = {
			isa = PBXGroup;
			children = (
				B70098DD2CF6DBD500FFA11E /* GoogleService-Info.plist */,
				B723B8B42C0A8E6F00E02D2A /* App1 */,
				B723B8B32C0A8E6F00E02D2A /* Products */,
			);
			sourceTree = "<group>";
		};
		B723B8B32C0A8E6F00E02D2A /* Products */ = {
			isa = PBXGroup;
			children = (
				B723B8B22C0A8E6F00E02D2A /* LevelUp.app */,
			);
			name = Products;
			sourceTree = "<group>";
		};
		B723B8B42C0A8E6F00E02D2A /* App1 */ = {
			isa = PBXGroup;
			children = (
				B723B8B52C0A8E6F00E02D2A /* LevelUp.swift */,
				B723B8CC2C0AAB5100E02D2A /* GroupsPage.swift */,
				B723B8D62C0AABC500E02D2A /* MainTabView.swift */,
				B723B8E22C0AC42000E02D2A /* Login */,
				B723B8E32C0AC43100E02D2A /* Home */,
				B723B8E02C0AC3DD00E02D2A /* Tasks */,
				B723B8DE2C0AC3B200E02D2A /* Events */,
				B723B8DF2C0AC3CD00E02D2A /* Shop */,
				B723B8E12C0AC40000E02D2A /* Profile */,
				B723B8B92C0A8E7500E02D2A /* Assets.xcassets */,
				B723B8BB2C0A8E7500E02D2A /* App1.entitlements */,
				B723B8BC2C0A8E7500E02D2A /* Preview Content */,
			);
			path = App1;
			sourceTree = "<group>";
		};
		B723B8BC2C0A8E7500E02D2A /* Preview Content */ = {
			isa = PBXGroup;
			children = (
				B723B8BD2C0A8E7500E02D2A /* Preview Assets.xcassets */,
			);
			path = "Preview Content";
			sourceTree = "<group>";
		};
		B723B8DE2C0AC3B200E02D2A /* Events */ = {
			isa = PBXGroup;
			children = (
				B723B8D82C0AB51900E02D2A /* Event.swift */,
				B723B8DA2C0ABC8C00E02D2A /* EventData.swift */,
				B723B8DC2C0ABCA200E02D2A /* EventsPage.swift */,
				B723B9082C0AFC6B00E02D2A /* EventDetailView.swift */,
			);
			path = Events;
			sourceTree = "<group>";
		};
		B723B8DF2C0AC3CD00E02D2A /* Shop */ = {
			isa = PBXGroup;
			children = (
				B723B8D02C0AAB8100E02D2A /* ShopPage.swift */,
				B723B8EE2C0AE61900E02D2A /* Item.swift */,
				B723B8F22C0AE65700E02D2A /* ItemRowView.swift */,
				B723B8F42C0AE67200E02D2A /* ItemDetailView.swift */,
				B723B8F02C0AE63800E02D2A /* ShopData.swift */,
				B723B8F62C0AE6A500E02D2A /* Cart.swift */,
				B723B8F82C0AE6BE00E02D2A /* CartView.swift */,
				B723B8FA2C0AE6DB00E02D2A /* PaymentView.swift */,
			);
			path = Shop;
			sourceTree = "<group>";
		};
		B723B8E02C0AC3DD00E02D2A /* Tasks */ = {
			isa = PBXGroup;
			children = (
				B723B8CE2C0AAB6A00E02D2A /* TasksPage.swift */,
				B723B90C2C0B091000E02D2A /* PrimaryTasksView.swift */,
				B723B90E2C0B092700E02D2A /* SecondaryTasksView.swift */,
				B723B9102C0B093E00E02D2A /* BrowseCoursesView.swift */,
				B723B9182C0B183B00E02D2A /* CourseDetailView.swift */,
				B723B90A2C0B06B100E02D2A /* ProgramGridView.swift */,
				B723B9122C0B0CA100E02D2A /* ProgramDetailsView.swift */,
				B723B9142C0B0CBF00E02D2A /* TaskRow.swift */,
				B703BE992C16D30700CEA7F4 /* AddTaskView.swift */,
				B723B9162C0B0CD900E02D2A /* SearchBar.swift */,
				B703BE9B2C16D35700CEA7F4 /* Task.swift */,
				B723B8EC2C0AE12B00E02D2A /* TasksData.swift */,
			);
			path = Tasks;
			sourceTree = "<group>";
		};
		B723B8E12C0AC40000E02D2A /* Profile */ = {
			isa = PBXGroup;
			children = (
				B723B8D22C0AAB9100E02D2A /* ProfilePage.swift */,
				B723B8E82C0AD78100E02D2A /* ProfileData.swift */,
				B723B8EA2C0AD79100E02D2A /* Skill.swift */,
				B723B8D42C0AABAD00E02D2A /* EditProfilePage.swift */,
			);
			path = Profile;
			sourceTree = "<group>";
		};
		B723B8E22C0AC42000E02D2A /* Login */ = {
			isa = PBXGroup;
			children = (
				B723B8C82C0AA36300E02D2A /* LoginState.swift */,
				B734EFE02CF6DE0C00AAB92C /* SignUpPage.swift */,
				B723B8C42C0A8ED000E02D2A /* LoginPage.swift */,
			);
			path = Login;
			sourceTree = "<group>";
		};
		B723B8E32C0AC43100E02D2A /* Home */ = {
			isa = PBXGroup;
			children = (
				B723B8C62C0A9F4B00E02D2A /* HomePage.swift */,
				B723B8E42C0AC7F200E02D2A /* FeedItem.swift */,
				B723B8E62C0AC80A00E02D2A /* FeedData.swift */,
				B723B9042C0AF59100E02D2A /* FeedItemRowView.swift */,
				B723B9062C0AF6FC00E02D2A /* MixedFeedItem.swift */,
				B723B8FC2C0AF3F000E02D2A /* Post.swift */,
				B723B8FE2C0AF40F00E02D2A /* PostData.swift */,
				B723B9002C0AF42E00E02D2A /* PostRowView.swift */,
				B723B9022C0AF44600E02D2A /* NewPostView.swift */,
			);
			path = Home;
			sourceTree = "<group>";
		};
/* End PBXGroup section */

/* Begin PBXNativeTarget section */
		B723B8B12C0A8E6F00E02D2A /* LevelUp */ = {
			isa = PBXNativeTarget;
			buildConfigurationList = B723B8C12C0A8E7500E02D2A /* Build configuration list for PBXNativeTarget "LevelUp" */;
			buildPhases = (
				B723B8AE2C0A8E6F00E02D2A /* Sources */,
				B723B8AF2C0A8E6F00E02D2A /* Frameworks */,
				B723B8B02C0A8E6F00E02D2A /* Resources */,
			);
			buildRules = (
			);
			dependencies = (
			);
			name = LevelUp;
			productName = App1;
			productReference = B723B8B22C0A8E6F00E02D2A /* LevelUp.app */;
			productType = "com.apple.product-type.application";
		};
/* End PBXNativeTarget section */

/* Begin PBXProject section */
		B723B8AA2C0A8E6F00E02D2A /* Project object */ = {
			isa = PBXProject;
			attributes = {
				BuildIndependentTargetsInParallel = 1;
				LastSwiftUpdateCheck = 1540;
				LastUpgradeCheck = 1610;
				TargetAttributes = {
					B723B8B12C0A8E6F00E02D2A = {
						CreatedOnToolsVersion = 15.4;
					};
				};
			};
			buildConfigurationList = B723B8AD2C0A8E6F00E02D2A /* Build configuration list for PBXProject "LevelUp" */;
			compatibilityVersion = "Xcode 14.0";
			developmentRegion = en;
			hasScannedForEncodings = 0;
			knownRegions = (
				en,
				Base,
			);
			mainGroup = B723B8A92C0A8E6F00E02D2A;
			packageReferences = (
				B70098DF2CF6DC7000FFA11E /* XCRemoteSwiftPackageReference "firebase-ios-sdk" */,
			);
			productRefGroup = B723B8B32C0A8E6F00E02D2A /* Products */;
			projectDirPath = "";
			projectRoot = "";
			targets = (
				B723B8B12C0A8E6F00E02D2A /* LevelUp */,
			);
		};
/* End PBXProject section */

/* Begin PBXResourcesBuildPhase section */
		B723B8B02C0A8E6F00E02D2A /* Resources */ = {
			isa = PBXResourcesBuildPhase;
			buildActionMask = 2147483647;
			files = (
				B723B8BE2C0A8E7500E02D2A /* Preview Assets.xcassets in Resources */,
				B723B8BA2C0A8E7500E02D2A /* Assets.xcassets in Resources */,
				B70098DE2CF6DBD500FFA11E /* GoogleService-Info.plist in Resources */,
			);
			runOnlyForDeploymentPostprocessing = 0;
		};
/* End PBXResourcesBuildPhase section */

/* Begin PBXSourcesBuildPhase section */
		B723B8AE2C0A8E6F00E02D2A /* Sources */ = {
			isa = PBXSourcesBuildPhase;
			buildActionMask = 2147483647;
			files = (
				B723B9192C0B183B00E02D2A /* CourseDetailView.swift in Sources */,
				B723B9092C0AFC6B00E02D2A /* EventDetailView.swift in Sources */,
				B723B8ED2C0AE12B00E02D2A /* TasksData.swift in Sources */,
				B723B8C52C0A8ED000E02D2A /* LoginPage.swift in Sources */,
				B723B9152C0B0CBF00E02D2A /* TaskRow.swift in Sources */,
				B723B8D92C0AB51900E02D2A /* Event.swift in Sources */,
				B723B8DB2C0ABC8C00E02D2A /* EventData.swift in Sources */,
				B723B8C92C0AA36300E02D2A /* LoginState.swift in Sources */,
				B723B8F12C0AE63800E02D2A /* ShopData.swift in Sources */,
				B723B8F92C0AE6BE00E02D2A /* CartView.swift in Sources */,
				B723B8EB2C0AD79100E02D2A /* Skill.swift in Sources */,
				B723B8D32C0AAB9100E02D2A /* ProfilePage.swift in Sources */,
				B723B9012C0AF42E00E02D2A /* PostRowView.swift in Sources */,
				B723B9052C0AF59100E02D2A /* FeedItemRowView.swift in Sources */,
				B723B9132C0B0CA100E02D2A /* ProgramDetailsView.swift in Sources */,
				B723B90D2C0B091000E02D2A /* PrimaryTasksView.swift in Sources */,
				B723B8DD2C0ABCA200E02D2A /* EventsPage.swift in Sources */,
				B723B8E72C0AC80A00E02D2A /* FeedData.swift in Sources */,
				B723B9112C0B093E00E02D2A /* BrowseCoursesView.swift in Sources */,
				B723B8E92C0AD78100E02D2A /* ProfileData.swift in Sources */,
				B723B9072C0AF6FC00E02D2A /* MixedFeedItem.swift in Sources */,
				B723B8B62C0A8E6F00E02D2A /* LevelUp.swift in Sources */,
				B723B8F72C0AE6A500E02D2A /* Cart.swift in Sources */,
				B734EFE12CF6DE0F00AAB92C /* SignUpPage.swift in Sources */,
				B723B8C72C0A9F4B00E02D2A /* HomePage.swift in Sources */,
				B723B90B2C0B06B100E02D2A /* ProgramGridView.swift in Sources */,
				B723B8D52C0AABAD00E02D2A /* EditProfilePage.swift in Sources */,
				B723B8F52C0AE67200E02D2A /* ItemDetailView.swift in Sources */,
				B723B9172C0B0CD900E02D2A /* SearchBar.swift in Sources */,
				B723B8FD2C0AF3F000E02D2A /* Post.swift in Sources */,
				B723B8F32C0AE65700E02D2A /* ItemRowView.swift in Sources */,
				B723B8FF2C0AF40F00E02D2A /* PostData.swift in Sources */,
				B723B8CD2C0AAB5100E02D2A /* GroupsPage.swift in Sources */,
				B723B8EF2C0AE61900E02D2A /* Item.swift in Sources */,
				B703BE9A2C16D30700CEA7F4 /* AddTaskView.swift in Sources */,
				B723B8CF2C0AAB6A00E02D2A /* TasksPage.swift in Sources */,
				B723B8D12C0AAB8100E02D2A /* ShopPage.swift in Sources */,
				B723B8E52C0AC7F200E02D2A /* FeedItem.swift in Sources */,
				B723B8FB2C0AE6DB00E02D2A /* PaymentView.swift in Sources */,
				B723B9032C0AF44600E02D2A /* NewPostView.swift in Sources */,
				B723B90F2C0B092700E02D2A /* SecondaryTasksView.swift in Sources */,
				B703BE9C2C16D35700CEA7F4 /* Task.swift in Sources */,
				B723B8D72C0AABC500E02D2A /* MainTabView.swift in Sources */,
			);
			runOnlyForDeploymentPostprocessing = 0;
		};
/* End PBXSourcesBuildPhase section */

/* Begin XCBuildConfiguration section */
		B723B8BF2C0A8E7500E02D2A /* Debug */ = {
			isa = XCBuildConfiguration;
			buildSettings = {
				ALWAYS_SEARCH_USER_PATHS = NO;
				ASSETCATALOG_COMPILER_GENERATE_SWIFT_ASSET_SYMBOL_EXTENSIONS = YES;
				CLANG_ANALYZER_NONNULL = YES;
				CLANG_ANALYZER_NUMBER_OBJECT_CONVERSION = YES_AGGRESSIVE;
				CLANG_CXX_LANGUAGE_STANDARD = "gnu++20";
				CLANG_ENABLE_MODULES = YES;
				CLANG_ENABLE_OBJC_ARC = YES;
				CLANG_ENABLE_OBJC_WEAK = YES;
				CLANG_WARN_BLOCK_CAPTURE_AUTORELEASING = YES;
				CLANG_WARN_BOOL_CONVERSION = YES;
				CLANG_WARN_COMMA = YES;
				CLANG_WARN_CONSTANT_CONVERSION = YES;
				CLANG_WARN_DEPRECATED_OBJC_IMPLEMENTATIONS = YES;
				CLANG_WARN_DIRECT_OBJC_ISA_USAGE = YES_ERROR;
				CLANG_WARN_DOCUMENTATION_COMMENTS = YES;
				CLANG_WARN_EMPTY_BODY = YES;
				CLANG_WARN_ENUM_CONVERSION = YES;
				CLANG_WARN_INFINITE_RECURSION = YES;
				CLANG_WARN_INT_CONVERSION = YES;
				CLANG_WARN_NON_LITERAL_NULL_CONVERSION = YES;
				CLANG_WARN_OBJC_IMPLICIT_RETAIN_SELF = YES;
				CLANG_WARN_OBJC_LITERAL_CONVERSION = YES;
				CLANG_WARN_OBJC_ROOT_CLASS = YES_ERROR;
				CLANG_WARN_QUOTED_INCLUDE_IN_FRAMEWORK_HEADER = YES;
				CLANG_WARN_RANGE_LOOP_ANALYSIS = YES;
				CLANG_WARN_STRICT_PROTOTYPES = YES;
				CLANG_WARN_SUSPICIOUS_MOVE = YES;
				CLANG_WARN_UNGUARDED_AVAILABILITY = YES_AGGRESSIVE;
				CLANG_WARN_UNREACHABLE_CODE = YES;
				CLANG_WARN__DUPLICATE_METHOD_MATCH = YES;
				COPY_PHASE_STRIP = NO;
				DEAD_CODE_STRIPPING = YES;
				DEBUG_INFORMATION_FORMAT = dwarf;
				ENABLE_STRICT_OBJC_MSGSEND = YES;
				ENABLE_TESTABILITY = YES;
				ENABLE_USER_SCRIPT_SANDBOXING = YES;
				GCC_C_LANGUAGE_STANDARD = gnu17;
				GCC_DYNAMIC_NO_PIC = NO;
				GCC_NO_COMMON_BLOCKS = YES;
				GCC_OPTIMIZATION_LEVEL = 0;
				GCC_PREPROCESSOR_DEFINITIONS = (
					"DEBUG=1",
					"$(inherited)",
				);
				GCC_WARN_64_TO_32_BIT_CONVERSION = YES;
				GCC_WARN_ABOUT_RETURN_TYPE = YES_ERROR;
				GCC_WARN_UNDECLARED_SELECTOR = YES;
				GCC_WARN_UNINITIALIZED_AUTOS = YES_AGGRESSIVE;
				GCC_WARN_UNUSED_FUNCTION = YES;
				GCC_WARN_UNUSED_VARIABLE = YES;
				LOCALIZATION_PREFERS_STRING_CATALOGS = YES;
				MTL_ENABLE_DEBUG_INFO = INCLUDE_SOURCE;
				MTL_FAST_MATH = YES;
				ONLY_ACTIVE_ARCH = YES;
				SWIFT_ACTIVE_COMPILATION_CONDITIONS = "DEBUG $(inherited)";
				SWIFT_OPTIMIZATION_LEVEL = "-Onone";
			};
			name = Debug;
		};
		B723B8C02C0A8E7500E02D2A /* Release */ = {
			isa = XCBuildConfiguration;
			buildSettings = {
				ALWAYS_SEARCH_USER_PATHS = NO;
				ASSETCATALOG_COMPILER_GENERATE_SWIFT_ASSET_SYMBOL_EXTENSIONS = YES;
				CLANG_ANALYZER_NONNULL = YES;
				CLANG_ANALYZER_NUMBER_OBJECT_CONVERSION = YES_AGGRESSIVE;
				CLANG_CXX_LANGUAGE_STANDARD = "gnu++20";
				CLANG_ENABLE_MODULES = YES;
				CLANG_ENABLE_OBJC_ARC = YES;
				CLANG_ENABLE_OBJC_WEAK = YES;
				CLANG_WARN_BLOCK_CAPTURE_AUTORELEASING = YES;
				CLANG_WARN_BOOL_CONVERSION = YES;
				CLANG_WARN_COMMA = YES;
				CLANG_WARN_CONSTANT_CONVERSION = YES;
				CLANG_WARN_DEPRECATED_OBJC_IMPLEMENTATIONS = YES;
				CLANG_WARN_DIRECT_OBJC_ISA_USAGE = YES_ERROR;
				CLANG_WARN_DOCUMENTATION_COMMENTS = YES;
				CLANG_WARN_EMPTY_BODY = YES;
				CLANG_WARN_ENUM_CONVERSION = YES;
				CLANG_WARN_INFINITE_RECURSION = YES;
				CLANG_WARN_INT_CONVERSION = YES;
				CLANG_WARN_NON_LITERAL_NULL_CONVERSION = YES;
				CLANG_WARN_OBJC_IMPLICIT_RETAIN_SELF = YES;
				CLANG_WARN_OBJC_LITERAL_CONVERSION = YES;
				CLANG_WARN_OBJC_ROOT_CLASS = YES_ERROR;
				CLANG_WARN_QUOTED_INCLUDE_IN_FRAMEWORK_HEADER = YES;
				CLANG_WARN_RANGE_LOOP_ANALYSIS = YES;
				CLANG_WARN_STRICT_PROTOTYPES = YES;
				CLANG_WARN_SUSPICIOUS_MOVE = YES;
				CLANG_WARN_UNGUARDED_AVAILABILITY = YES_AGGRESSIVE;
				CLANG_WARN_UNREACHABLE_CODE = YES;
				CLANG_WARN__DUPLICATE_METHOD_MATCH = YES;
				COPY_PHASE_STRIP = NO;
				DEAD_CODE_STRIPPING = YES;
				DEBUG_INFORMATION_FORMAT = "dwarf-with-dsym";
				ENABLE_NS_ASSERTIONS = NO;
				ENABLE_STRICT_OBJC_MSGSEND = YES;
				ENABLE_USER_SCRIPT_SANDBOXING = YES;
				GCC_C_LANGUAGE_STANDARD = gnu17;
				GCC_NO_COMMON_BLOCKS = YES;
				GCC_WARN_64_TO_32_BIT_CONVERSION = YES;
				GCC_WARN_ABOUT_RETURN_TYPE = YES_ERROR;
				GCC_WARN_UNDECLARED_SELECTOR = YES;
				GCC_WARN_UNINITIALIZED_AUTOS = YES_AGGRESSIVE;
				GCC_WARN_UNUSED_FUNCTION = YES;
				GCC_WARN_UNUSED_VARIABLE = YES;
				LOCALIZATION_PREFERS_STRING_CATALOGS = YES;
				MTL_ENABLE_DEBUG_INFO = NO;
				MTL_FAST_MATH = YES;
				SWIFT_COMPILATION_MODE = wholemodule;
			};
			name = Release;
		};
		B723B8C22C0A8E7500E02D2A /* Debug */ = {
			isa = XCBuildConfiguration;
			buildSettings = {
				ASSETCATALOG_COMPILER_APPICON_NAME = AppIcon;
				ASSETCATALOG_COMPILER_GLOBAL_ACCENT_COLOR_NAME = AccentColor;
				CODE_SIGN_ENTITLEMENTS = App1/App1.entitlements;
				CODE_SIGN_IDENTITY = "Apple Development";
				CODE_SIGN_STYLE = Automatic;
				CURRENT_PROJECT_VERSION = 1;
				DEAD_CODE_STRIPPING = YES;
				DEVELOPMENT_ASSET_PATHS = "\"App1/Preview Content\"";
				DEVELOPMENT_TEAM = 3G46N5JLN2;
				ENABLE_HARDENED_RUNTIME = YES;
				ENABLE_PREVIEWS = YES;
				GENERATE_INFOPLIST_FILE = YES;
				"INFOPLIST_KEY_UIApplicationSceneManifest_Generation[sdk=iphoneos*]" = YES;
				"INFOPLIST_KEY_UIApplicationSceneManifest_Generation[sdk=iphonesimulator*]" = YES;
				"INFOPLIST_KEY_UIApplicationSupportsIndirectInputEvents[sdk=iphoneos*]" = YES;
				"INFOPLIST_KEY_UIApplicationSupportsIndirectInputEvents[sdk=iphonesimulator*]" = YES;
				"INFOPLIST_KEY_UILaunchScreen_Generation[sdk=iphoneos*]" = YES;
				"INFOPLIST_KEY_UILaunchScreen_Generation[sdk=iphonesimulator*]" = YES;
				"INFOPLIST_KEY_UIStatusBarStyle[sdk=iphoneos*]" = UIStatusBarStyleDefault;
				"INFOPLIST_KEY_UIStatusBarStyle[sdk=iphonesimulator*]" = UIStatusBarStyleDefault;
				INFOPLIST_KEY_UISupportedInterfaceOrientations_iPad = "UIInterfaceOrientationPortrait UIInterfaceOrientationPortraitUpsideDown UIInterfaceOrientationLandscapeLeft UIInterfaceOrientationLandscapeRight";
				INFOPLIST_KEY_UISupportedInterfaceOrientations_iPhone = "UIInterfaceOrientationPortrait UIInterfaceOrientationLandscapeLeft UIInterfaceOrientationLandscapeRight";
				IPHONEOS_DEPLOYMENT_TARGET = 17.5;
				LD_RUNPATH_SEARCH_PATHS = "@executable_path/Frameworks";
				"LD_RUNPATH_SEARCH_PATHS[sdk=macosx*]" = "@executable_path/../Frameworks";
				MACOSX_DEPLOYMENT_TARGET = 14.4;
				MARKETING_VERSION = 1.0;
				PRODUCT_BUNDLE_IDENTIFIER = com.bitdegree.LevelUp;
				PRODUCT_NAME = "$(TARGET_NAME)";
				PROVISIONING_PROFILE_SPECIFIER = "";
				SDKROOT = auto;
				SUPPORTED_PLATFORMS = "iphoneos iphonesimulator macosx";
				SWIFT_EMIT_LOC_STRINGS = YES;
				SWIFT_VERSION = 5.0;
				TARGETED_DEVICE_FAMILY = "1,2";
			};
			name = Debug;
		};
		B723B8C32C0A8E7500E02D2A /* Release */ = {
			isa = XCBuildConfiguration;
			buildSettings = {
				ASSETCATALOG_COMPILER_APPICON_NAME = AppIcon;
				ASSETCATALOG_COMPILER_GLOBAL_ACCENT_COLOR_NAME = AccentColor;
				CODE_SIGN_ENTITLEMENTS = App1/App1.entitlements;
				CODE_SIGN_IDENTITY = "Apple Development";
				CODE_SIGN_STYLE = Automatic;
				CURRENT_PROJECT_VERSION = 1;
				DEAD_CODE_STRIPPING = YES;
				DEVELOPMENT_ASSET_PATHS = "\"App1/Preview Content\"";
				DEVELOPMENT_TEAM = 3G46N5JLN2;
				ENABLE_HARDENED_RUNTIME = YES;
				ENABLE_PREVIEWS = YES;
				GENERATE_INFOPLIST_FILE = YES;
				"INFOPLIST_KEY_UIApplicationSceneManifest_Generation[sdk=iphoneos*]" = YES;
				"INFOPLIST_KEY_UIApplicationSceneManifest_Generation[sdk=iphonesimulator*]" = YES;
				"INFOPLIST_KEY_UIApplicationSupportsIndirectInputEvents[sdk=iphoneos*]" = YES;
				"INFOPLIST_KEY_UIApplicationSupportsIndirectInputEvents[sdk=iphonesimulator*]" = YES;
				"INFOPLIST_KEY_UILaunchScreen_Generation[sdk=iphoneos*]" = YES;
				"INFOPLIST_KEY_UILaunchScreen_Generation[sdk=iphonesimulator*]" = YES;
				"INFOPLIST_KEY_UIStatusBarStyle[sdk=iphoneos*]" = UIStatusBarStyleDefault;
				"INFOPLIST_KEY_UIStatusBarStyle[sdk=iphonesimulator*]" = UIStatusBarStyleDefault;
				INFOPLIST_KEY_UISupportedInterfaceOrientations_iPad = "UIInterfaceOrientationPortrait UIInterfaceOrientationPortraitUpsideDown UIInterfaceOrientationLandscapeLeft UIInterfaceOrientationLandscapeRight";
				INFOPLIST_KEY_UISupportedInterfaceOrientations_iPhone = "UIInterfaceOrientationPortrait UIInterfaceOrientationLandscapeLeft UIInterfaceOrientationLandscapeRight";
				IPHONEOS_DEPLOYMENT_TARGET = 17.5;
				LD_RUNPATH_SEARCH_PATHS = "@executable_path/Frameworks";
				"LD_RUNPATH_SEARCH_PATHS[sdk=macosx*]" = "@executable_path/../Frameworks";
				MACOSX_DEPLOYMENT_TARGET = 14.4;
				MARKETING_VERSION = 1.0;
				PRODUCT_BUNDLE_IDENTIFIER = com.bitdegree.LevelUp;
				PRODUCT_NAME = "$(TARGET_NAME)";
				PROVISIONING_PROFILE_SPECIFIER = "";
				SDKROOT = auto;
				SUPPORTED_PLATFORMS = "iphoneos iphonesimulator macosx";
				SWIFT_EMIT_LOC_STRINGS = YES;
				SWIFT_VERSION = 5.0;
				TARGETED_DEVICE_FAMILY = "1,2";
			};
			name = Release;
		};
/* End XCBuildConfiguration section */

/* Begin XCConfigurationList section */
		B723B8AD2C0A8E6F00E02D2A /* Build configuration list for PBXProject "LevelUp" */ = {
			isa = XCConfigurationList;
			buildConfigurations = (
				B723B8BF2C0A8E7500E02D2A /* Debug */,
				B723B8C02C0A8E7500E02D2A /* Release */,
			);
			defaultConfigurationIsVisible = 0;
			defaultConfigurationName = Release;
		};
		B723B8C12C0A8E7500E02D2A /* Build configuration list for PBXNativeTarget "LevelUp" */ = {
			isa = XCConfigurationList;
			buildConfigurations = (
				B723B8C22C0A8E7500E02D2A /* Debug */,
				B723B8C32C0A8E7500E02D2A /* Release */,
			);
			defaultConfigurationIsVisible = 0;
			defaultConfigurationName = Release;
		};
/* End XCConfigurationList section */

/* Begin XCRemoteSwiftPackageReference section */
		B70098DF2CF6DC7000FFA11E /* XCRemoteSwiftPackageReference "firebase-ios-sdk" */ = {
			isa = XCRemoteSwiftPackageReference;
			repositoryURL = "https://github.com/firebase/firebase-ios-sdk.git";
			requirement = {
				kind = upToNextMajorVersion;
				minimumVersion = 11.5.0;
			};
		};
/* End XCRemoteSwiftPackageReference section */

/* Begin XCSwiftPackageProductDependency section */
		B70098E02CF6DC7000FFA11E /* FirebaseAnalytics */ = {
			isa = XCSwiftPackageProductDependency;
			package = B70098DF2CF6DC7000FFA11E /* XCRemoteSwiftPackageReference "firebase-ios-sdk" */;
			productName = FirebaseAnalytics;
		};
		B70098E22CF6DC7000FFA11E /* FirebaseAuth */ = {
			isa = XCSwiftPackageProductDependency;
			package = B70098DF2CF6DC7000FFA11E /* XCRemoteSwiftPackageReference "firebase-ios-sdk" */;
			productName = FirebaseAuth;
		};
		B70098E42CF6DC7000FFA11E /* FirebaseCore */ = {
			isa = XCSwiftPackageProductDependency;
			package = B70098DF2CF6DC7000FFA11E /* XCRemoteSwiftPackageReference "firebase-ios-sdk" */;
			productName = FirebaseCore;
		};
		B70098E62CF6DC7000FFA11E /* FirebaseDatabase */ = {
			isa = XCSwiftPackageProductDependency;
			package = B70098DF2CF6DC7000FFA11E /* XCRemoteSwiftPackageReference "firebase-ios-sdk" */;
			productName = FirebaseDatabase;
		};
		B70098E82CF6DC7000FFA11E /* FirebaseFirestore */ = {
			isa = XCSwiftPackageProductDependency;
			package = B70098DF2CF6DC7000FFA11E /* XCRemoteSwiftPackageReference "firebase-ios-sdk" */;
			productName = FirebaseFirestore;
		};
		B70098EA2CF6DC7000FFA11E /* FirebaseStorage */ = {
			isa = XCSwiftPackageProductDependency;
			package = B70098DF2CF6DC7000FFA11E /* XCRemoteSwiftPackageReference "firebase-ios-sdk" */;
			productName = FirebaseStorage;
		};
/* End XCSwiftPackageProductDependency section */
	};
	rootObject = B723B8AA2C0A8E6F00E02D2A /* Project object */;
}
